{
  "name": "z80TestSuite",
  "version": "1.0.0",
  "lockfileVersion": 1,
  "requires": true,
  "dependencies": {
    "z80js": {
      "version": "git+ssh://git@github.com/Moppler/Z80.js.git#d615a8fe9a55a1dd1fd9f3710157eebb44dfb0da",
      "from": "git+ssh://git@github.com/Moppler/Z80.js.git"
    }
  }
}
